<?xml version="1.0" encoding="utf-8"?>
<Project ToolsVersion="4.0" xmlns="http://schemas.microsoft.com/developer/msbuild/2003">
  <ItemGroup>
    <Filter Include="Source Files">
      <UniqueIdentifier>{4FC737F1-C7A5-4376-A066-2A32D752A2FF}</UniqueIdentifier>
      <Extensions>cpp;c;cc;cxx;def;odl;idl;hpj;bat;asm;asmx</Extensions>
    </Filter>
    <Filter Include="Header Files">
      <UniqueIdentifier>{93995380-89BD-4b04-88EB-625FBE52EBFB}</UniqueIdentifier>
      <Extensions>h;hh;hpp;hxx;hm;inl;inc;ipp;xsd</Extensions>
    </Filter>
    <Filter Include="Resource Files">
      <UniqueIdentifier>{67DA6AB6-F800-4c08-8B7A-83BB121AAD01}</UniqueIdentifier>
      <Extensions>rc;ico;cur;bmp;dlg;rc2;rct;bin;rgs;gif;jpg;jpeg;jpe;resx;tiff;tif;png;wav;mfcribbon-ms</Extensions>
    </Filter>
  </ItemGroup>
  <ItemGroup>
    <ClInclude Include="targetver.h">
      <Filter>Header Files</Filter>
    </ClInclude>
    <ClInclude Include="Resource.h">
      <Filter>Header Files</Filter>
    </ClInclude>
    <ClInclude Include="app.h">
      <Filter>Header Files</Filter>
    </ClInclude>
    <ClInclude Include="GameFrame.h">
      <Filter>Header Files</Filter>
    </ClInclude>
    <ClInclude Include="Question.h">
      <Filter>Header Files</Filter>
    </ClInclude>
    <ClInclude Include="MultipleChoice.h">
      <Filter>Header Files</Filter>
    </ClInclude>
    <ClInclude Include="questions.h">
      <Filter>Header Files</Filter>
    </ClInclude>
    <ClInclude Include="Word.h">
      <Filter>Header Files</Filter>
    </ClInclude>
    <ClInclude Include="Number.h">
      <Filter>Header Files</Filter>
    </ClInclude>
    <ClInclude Include="error.h">
      <Filter>Header Files</Filter>
    </ClInclude>
    <ClInclude Include="QuestionDialogStyle.h">
      <Filter>Header Files</Filter>
    </ClInclude>
    <ClInclude Include="style.h">
      <Filter>Header Files</Filter>
    </ClInclude>
    <ClInclude Include="GameFrameStyle.h">
      <Filter>Header Files</Filter>
    </ClInclude>
    <ClInclude Include="QuestionCreator.h">
      <Filter>Header Files</Filter>
    </ClInclude>
    <ClInclude Include="MultipleChoiceCreator.h">
      <Filter>Header Files</Filter>
    </ClInclude>
    <ClInclude Include="creators.h">
      <Filter>Header Files</Filter>
    </ClInclude>
    <ClInclude Include="WordCreator.h">
      <Filter>Header Files</Filter>
    </ClInclude>
    <ClInclude Include="NumberCreator.h">
      <Filter>Header Files</Filter>
    </ClInclude>
    <ClInclude Include="database.h">
      <Filter>Header Files</Filter>
    </ClInclude>
    <ClInclude Include="dbModel.h">
      <Filter>Header Files</Filter>
    </ClInclude>
    <ClInclude Include="dbModelCreator.h">
      <Filter>Header Files</Filter>
    </ClInclude>
    <ClInclude Include="QuestionCreationDialog.h">
      <Filter>Header Files</Filter>
    </ClInclude>
    <ClInclude Include="Exception.h">
      <Filter>Header Files</Filter>
    </ClInclude>
    <ClInclude Include="SQLException.h">
      <Filter>Header Files</Filter>
    </ClInclude>
    <ClInclude Include="Logger.h">
      <Filter>Header Files</Filter>
    </ClInclude>
    <ClInclude Include="Singleton.h">
      <Filter>Header Files</Filter>
    </ClInclude>
  </ItemGroup>
  <ItemGroup>
    <ClCompile Include="app.cpp">
      <Filter>Source Files</Filter>
    </ClCompile>
    <ClCompile Include="GameFrame.cpp">
      <Filter>Source Files</Filter>
    </ClCompile>
    <ClCompile Include="Question.cpp">
      <Filter>Source Files</Filter>
    </ClCompile>
    <ClCompile Include="MultipleChoice.cpp">
      <Filter>Source Files</Filter>
    </ClCompile>
    <ClCompile Include="Word.cpp">
      <Filter>Source Files</Filter>
    </ClCompile>
    <ClCompile Include="Number.cpp">
      <Filter>Source Files</Filter>
    </ClCompile>
    <ClCompile Include="error.cpp">
      <Filter>Source Files</Filter>
    </ClCompile>
    <ClCompile Include="QuestionCreator.cpp">
      <Filter>Source Files</Filter>
    </ClCompile>
    <ClCompile Include="CreateQuestionDialog.cpp">
      <Filter>Source Files</Filter>
    </ClCompile>
    <ClCompile Include="MultipleChoiceCreator.cpp">
      <Filter>Source Files</Filter>
    </ClCompile>
    <ClCompile Include="WordCreator.cpp">
      <Filter>Source Files</Filter>
    </ClCompile>
    <ClCompile Include="NumberCreator.cpp">
      <Filter>Source Files</Filter>
    </ClCompile>
    <ClCompile Include="database.cpp">
      <Filter>Source Files</Filter>
    </ClCompile>
    <ClCompile Include="dbModel.cpp">
      <Filter>Source Files</Filter>
    </ClCompile>
    <ClCompile Include="dbModelCreator.cpp">
      <Filter>Source Files</Filter>
    </ClCompile>
    <ClCompile Include="MultipleChoiceCreationDialog.cpp">
      <Filter>Source Files</Filter>
    </ClCompile>
    <ClCompile Include="QuestionCreationDialog.cpp">
      <Filter>Source Files</Filter>
    </ClCompile>
    <ClCompile Include="NumberCreationDialog.cpp">
      <Filter>Source Files</Filter>
    </ClCompile>
    <ClCompile Include="WordCreationDialog.cpp">
      <Filter>Source Files</Filter>
    </ClCompile>
    <ClCompile Include="Exception.cpp">
      <Filter>Source Files</Filter>
    </ClCompile>
    <ClCompile Include="SQLException.cpp">
      <Filter>Source Files</Filter>
    </ClCompile>
    <ClCompile Include="Logger.cpp">
      <Filter>Source Files</Filter>
    </ClCompile>
    <ClCompile Include="Singleton.cpp">
      <Filter>Source Files</Filter>
    </ClCompile>
  </ItemGroup>
  <ItemGroup>
    <None Include="cpp.hint" />
    <None Include="ClassDiagram.cd" />
  </ItemGroup>
</Project>